
Microsoft Visual Studio Solution File, Format Version 12.00
# Visual Studio Version 17
VisualStudioVersion = 17.3.32819.101
MinimumVisualStudioVersion = 10.0.40219.1
Project("{FAE04EC0-301F-11D3-BF4B-00C04F79EFBC}") = "BlazorTodoApp", "BlazorTodoApp\BlazorTodoApp.csproj", "{08401CB3-B276-4D3B-80A4-BA61F4A1BF2C}"
EndProject
Global
	GlobalSection(SolutionConfigurationPlatforms) = preSolution
		Debug|Any CPU = Debug|Any CPU
		Release|Any CPU = Release|Any CPU
	EndGlobalSection
	GlobalSection(ProjectConfigurationPlatforms) = postSolution
		{08401CB3-B276-4D3B-80A4-BA61F4A1BF2C}.Debug|Any CPU.ActiveCfg = Debug|Any CPU
		{08401CB3-B276-4D3B-80A4-BA61F4A1BF2C}.Debug|Any CPU.Build.0 = Debug|Any CPU
		{08401CB3-B276-4D3B-80A4-BA61F4A1BF2C}.Release|Any CPU.ActiveCfg = Release|Any CPU
		{08401CB3-B276-4D3B-80A4-BA61F4A1BF2C}.Release|Any CPU.Build.0 = Release|Any CPU
	EndGlobalSection
	GlobalSection(SolutionProperties) = preSolution
		HideSolutionNode = FALSE
	EndGlobalSection
	GlobalSection(ExtensibilityGlobals) = postSolution
		SolutionGuid = {1FC03D9C-2E2C-4D24-994F-627EDB513016}
	EndGlobalSection
EndGlobal
